Microsoft Visual Studio Solution File, Format Version 11.00
# Visual Studio 2013
Project("{A129F93C-CB06-BAD3-1CD9-84A36384FD3C}") = "StereoWidthCtrl", "StereoWidthCtrl.vcxproj", "{ADB9E2CC-033F-7A3F-2DA0-E2FE19D3448D}"
EndProject
Global
	GlobalSection(SolutionConfigurationPlatforms) = preSolution
		Debug|x64 = Debug|x64
		DebugLite|x64 = DebugLite|x64
		DebugLive|x64 = DebugLive|x64
		Release|x64 = Release|x64
	EndGlobalSection
	GlobalSection(ProjectConfigurationPlatforms) = postSolution
		{ADB9E2CC-033F-7A3F-2DA0-E2FE19D3448D}.Debug|x64.ActiveCfg = Debug|x64
		{ADB9E2CC-033F-7A3F-2DA0-E2FE19D3448D}.Debug|x64.Build.0 = Debug|x64
		{ADB9E2CC-033F-7A3F-2DA0-E2FE19D3448D}.DebugLite|x64.ActiveCfg = DebugLite|x64
		{ADB9E2CC-033F-7A3F-2DA0-E2FE19D3448D}.DebugLite|x64.Build.0 = DebugLite|x64
		{ADB9E2CC-033F-7A3F-2DA0-E2FE19D3448D}.DebugLive|x64.ActiveCfg = DebugLive|x64
		{ADB9E2CC-033F-7A3F-2DA0-E2FE19D3448D}.DebugLive|x64.Build.0 = DebugLive|x64
		{ADB9E2CC-033F-7A3F-2DA0-E2FE19D3448D}.Release|x64.ActiveCfg = Release|x64
		{ADB9E2CC-033F-7A3F-2DA0-E2FE19D3448D}.Release|x64.Build.0 = Release|x64
	EndGlobalSection
	GlobalSection(SolutionProperties) = preSolution
		HideSolutionNode = FALSE
	EndGlobalSection
EndGlobal
